
Microsoft Visual Studio Solution File, Format Version 12.00
# Visual Studio Version 17
VisualStudioVersion = 17.4.33205.214
MinimumVisualStudioVersion = 10.0.40219.1
Project("{FAE04EC0-301F-11D3-BF4B-00C04F79EFBC}") = "ElevatorConsole", "ElevatorConsole\ElevatorConsole.csproj", "{79712A40-FD6C-4648-AAE4-E46D65C661B1}"
EndProject
Global
	GlobalSection(SolutionConfigurationPlatforms) = preSolution
		Debug|Any CPU = Debug|Any CPU
		Release|Any CPU = Release|Any CPU
	EndGlobalSection
	GlobalSection(ProjectConfigurationPlatforms) = postSolution
		{79712A40-FD6C-4648-AAE4-E46D65C661B1}.Debug|Any CPU.ActiveCfg = Debug|Any CPU
		{79712A40-FD6C-4648-AAE4-E46D65C661B1}.Debug|Any CPU.Build.0 = Debug|Any CPU
		{79712A40-FD6C-4648-AAE4-E46D65C661B1}.Release|Any CPU.ActiveCfg = Release|Any CPU
		{79712A40-FD6C-4648-AAE4-E46D65C661B1}.Release|Any CPU.Build.0 = Release|Any CPU
	EndGlobalSection
	GlobalSection(SolutionProperties) = preSolution
		HideSolutionNode = FALSE
	EndGlobalSection
	GlobalSection(ExtensibilityGlobals) = postSolution
		SolutionGuid = {C7E15C20-93A1-47FB-9724-C2B8CB2695D1}
	EndGlobalSection
EndGlobal
